// !$*UTF8*$!
{
	archiveVersion = 1;
	classes = {
	};
	objectVersion = 46;
	objects = {

/* Begin PBXBuildFile section */
		320E1C231C384EEA009A62AB /* AppDelegate.swift in Sources */ = {isa = PBXBuildFile; fileRef = 320E1C221C384EEA009A62AB /* AppDelegate.swift */; };
		320E1C251C384EEA009A62AB /* ViewController.swift in Sources */ = {isa = PBXBuildFile; fileRef = 320E1C241C384EEA009A62AB /* ViewController.swift */; };
		320E1C281C384EEA009A62AB /* Main.storyboard in Resources */ = {isa = PBXBuildFile; fileRef = 320E1C261C384EEA009A62AB /* Main.storyboard */; };
		320E1C2A1C384EEB009A62AB /* Assets.xcassets in Resources */ = {isa = PBXBuildFile; fileRef = 320E1C291C384EEB009A62AB /* Assets.xcassets */; };
		320E1C2D1C384EEB009A62AB /* LaunchScreen.storyboard in Resources */ = {isa = PBXBuildFile; fileRef = 320E1C2B1C384EEB009A62AB /* LaunchScreen.storyboard */; };
		32BAFCEC1C38BBD7002E53F6 /* deformer_cat.jpg in Resources */ = {isa = PBXBuildFile; fileRef = 32BAFCEB1C38BBD7002E53F6 /* deformer_cat.jpg */; };
/* End PBXBuildFile section */

/* Begin PBXFileReference section */
		320E1C1F1C384EEA009A62AB /* Cat Years.app */ = {isa = PBXFileReference; explicitFileType = wrapper.application; includeInIndex = 0; path = "Cat Years.app"; sourceTree = BUILT_PRODUCTS_DIR; };
		320E1C221C384EEA009A62AB /* AppDelegate.swift */ = {isa = PBXFileReference; lastKnownFileType = sourcecode.swift; path = AppDelegate.swift; sourceTree = "<group>"; };
		320E1C241C384EEA009A62AB /* ViewController.swift */ = {isa = PBXFileReference; lastKnownFileType = sourcecode.swift; path = ViewController.swift; sourceTree = "<group>"; };
		320E1C271C384EEA009A62AB /* Base */ = {isa = PBXFileReference; lastKnownFileType = file.storyboard; name = Base; path = Base.lproj/Main.storyboard; sourceTree = "<group>"; };
		320E1C291C384EEB009A62AB /* Assets.xcassets */ = {isa = PBXFileReference; lastKnownFileType = folder.assetcatalog; path = Assets.xcassets; sourceTree = "<group>"; };
		320E1C2C1C384EEB009A62AB /* Base */ = {isa = PBXFileReference; lastKnownFileType = file.storyboard; name = Base; path = Base.lproj/LaunchScreen.storyboard; sourceTree = "<group>"; };
		320E1C2E1C384EEB009A62AB /* Info.plist */ = {isa = PBXFileReference; lastKnownFileType = text.plist.xml; path = Info.plist; sourceTree = "<group>"; };
		32BAFCEB1C38BBD7002E53F6 /* deformer_cat.jpg */ = {isa = PBXFileReference; lastKnownFileType = image.jpeg; name = deformer_cat.jpg; path = ../../../../Downloads/deformer_cat.jpg; sourceTree = "<group>"; };
/* End PBXFileReference section */

/* Begin PBXFrameworksBuildPhase section */
		320E1C1C1C384EEA009A62AB /* Frameworks */ = {
			isa = PBXFrameworksBuildPhase;
			buildActionMask = 2147483647;
			files = (
			);
			runOnlyForDeploymentPostprocessing = 0;
		};
/* End PBXFrameworksBuildPhase section */

/* Begin PBXGroup section */
		320E1C161C384EEA009A62AB = {
			isa = PBXGroup;
			children = (
				320E1C211C384EEA009A62AB /* Cat Years */,
				320E1C201C384EEA009A62AB /* Products */,
			);
			sourceTree = "<group>";
		};
		320E1C201C384EEA009A62AB /* Products */ = {
			isa = PBXGroup;
			children = (
				320E1C1F1C384EEA009A62AB /* Cat Years.app */,
			);
			name = Products;
			sourceTree = "<group>";
		};
		320E1C211C384EEA009A62AB /* Cat Years */ = {
			isa = PBXGroup;
			children = (
				320E1C221C384EEA009A62AB /* AppDelegate.swift */,
				320E1C241C384EEA009A62AB /* ViewController.swift */,
				320E1C261C384EEA009A62AB /* Main.storyboard */,
				32BAFCEB1C38BBD7002E53F6 /* deformer_cat.jpg */,
				320E1C291C384EEB009A62AB /* Assets.xcassets */,
				320E1C2B1C384EEB009A62AB /* LaunchScreen.storyboard */,
				320E1C2E1C384EEB009A62AB /* Info.plist */,
			);
			path = "Cat Years";
			sourceTree = "<group>";
		};
/* End PBXGroup section */

/* Begin PBXNativeTarget section */
		320E1C1E1C384EEA009A62AB /* Cat Years */ = {
			isa = PBXNativeTarget;
			buildConfigurationList = 320E1C311C384EEB009A62AB /* Build configuration list for PBXNativeTarget "Cat Years" */;
			buildPhases = (
				320E1C1B1C384EEA009A62AB /* Sources */,
				320E1C1C1C384EEA009A62AB /* Frameworks */,
				320E1C1D1C384EEA009A62AB /* Resources */,
			);
			buildRules = (
			);
			dependencies = (
			);
			name = "Cat Years";
			productName = "Cat Years";
			productReference = 320E1C1F1C384EEA009A62AB /* Cat Years.app */;
			productType = "com.apple.product-type.application";
		};
/* End PBXNativeTarget section */

/* Begin PBXProject section */
		320E1C171C384EEA009A62AB /* Project object */ = {
			isa = PBXProject;
			attributes = {
				LastSwiftUpdateCheck = 0710;
				LastUpgradeCheck = 0710;
				ORGANIZATIONNAME = "Shuhei Katsumata";
				TargetAttributes = {
					320E1C1E1C384EEA009A62AB = {
						CreatedOnToolsVersion = 7.1.1;
					};
				};
			};
			buildConfigurationList = 320E1C1A1C384EEA009A62AB /* Build configuration list for PBXProject "Cat Years" */;
			compatibilityVersion = "Xcode 3.2";
			developmentRegion = English;
			hasScannedForEncodings = 0;
			knownRegions = (
				en,
				Base,
			);
			mainGroup = 320E1C161C384EEA009A62AB;
			productRefGroup = 320E1C201C384EEA009A62AB /* Products */;
			projectDirPath = "";
			projectRoot = "";
			targets = (
				320E1C1E1C384EEA009A62AB /* Cat Years */,
			);
		};
/* End PBXProject section */

/* Begin PBXResourcesBuildPhase section */
		320E1C1D1C384EEA009A62AB /* Resources */ = {
			isa = PBXResourcesBuildPhase;
			buildActionMask = 2147483647;
			files = (
				320E1C2D1C384EEB009A62AB /* LaunchScreen.storyboard in Resources */,
				320E1C2A1C384EEB009A62AB /* Assets.xcassets in Resources */,
				32BAFCEC1C38BBD7002E53F6 /* deformer_cat.jpg in Resources */,
				320E1C281C384EEA009A62AB /* Main.storyboard in Resources */,
			);
			runOnlyForDeploymentPostprocessing = 0;
		};
/* End PBXResourcesBuildPhase section */

/* Begin PBXSourcesBuildPhase section */
		320E1C1B1C384EEA009A62AB /* Sources */ = {
			isa = PBXSourcesBuildPhase;
			buildActionMask = 2147483647;
			files = (
				320E1C251C384EEA009A62AB /* ViewController.swift in Sources */,
				320E1C231C384EEA009A62AB /* AppDelegate.swift in Sources */,
			);
			runOnlyForDeploymentPostprocessing = 0;
		};
/* End PBXSourcesBuildPhase section */

/* Begin PBXVariantGroup section */
		320E1C261C384EEA009A62AB /* Main.storyboard */ = {
			isa = PBXVariantGroup;
			children = (
				320E1C271C384EEA009A62AB /* Base */,
			);
			name = Main.storyboard;
			sourceTree = "<group>";
		};
		320E1C2B1C384EEB009A62AB /* LaunchScreen.storyboard */ = {
			isa = PBXVariantGroup;
			children = (
				320E1C2C1C384EEB009A62AB /* Base */,
			);
			name = LaunchScreen.storyboard;
			sourceTree = "<group>";
		};
/* End PBXVariantGroup section */

/* Begin XCBuildConfiguration section */
		320E1C2F1C384EEB009A62AB /* Debug */ = {
			isa = XCBuildConfiguration;
			buildSettings = {
				ALWAYS_SEARCH_USER_PATHS = NO;
				CLANG_CXX_LANGUAGE_STANDARD = "gnu++0x";
				CLANG_CXX_LIBRARY = "libc++";
				CLANG_ENABLE_MODULES = YES;
				CLANG_ENABLE_OBJC_ARC = YES;
				CLANG_WARN_BOOL_CONVERSION = YES;
				CLANG_WARN_CONSTANT_CONVERSION = YES;
				CLANG_WARN_DIRECT_OBJC_ISA_USAGE = YES_ERROR;
				CLANG_WARN_EMPTY_BODY = YES;
				CLANG_WARN_ENUM_CONVERSION = YES;
				CLANG_WARN_INT_CONVERSION = YES;
				CLANG_WARN_OBJC_ROOT_CLASS = YES_ERROR;
				CLANG_WARN_UNREACHABLE_CODE = YES;
				CLANG_WARN__DUPLICATE_METHOD_MATCH = YES;
				"CODE_SIGN_IDENTITY[sdk=iphoneos*]" = "iPhone Developer";
				COPY_PHASE_STRIP = NO;
				DEBUG_INFORMATION_FORMAT = dwarf;
				ENABLE_STRICT_OBJC_MSGSEND = YES;
				ENABLE_TESTABILITY = YES;
				GCC_C_LANGUAGE_STANDARD = gnu99;
				GCC_DYNAMIC_NO_PIC = NO;
				GCC_NO_COMMON_BLOCKS = YES;
				GCC_OPTIMIZATION_LEVEL = 0;
				GCC_PREPROCESSOR_DEFINITIONS = (
					"DEBUG=1",
					"$(inherited)",
				);
				GCC_WARN_64_TO_32_BIT_CONVERSION = YES;
				GCC_WARN_ABOUT_RETURN_TYPE = YES_ERROR;
				GCC_WARN_UNDECLARED_SELECTOR = YES;
				GCC_WARN_UNINITIALIZED_AUTOS = YES_AGGRESSIVE;
				GCC_WARN_UNUSED_FUNCTION = YES;
				GCC_WARN_UNUSED_VARIABLE = YES;
				IPHONEOS_DEPLOYMENT_TARGET = 9.1;
				MTL_ENABLE_DEBUG_INFO = YES;
				ONLY_ACTIVE_ARCH = YES;
				SDKROOT = iphoneos;
				SWIFT_OPTIMIZATION_LEVEL = "-Onone";
			};
			name = Debug;
		};
		320E1C301C384EEB009A62AB /* Release */ = {
			isa = XCBuildConfiguration;
			buildSettings = {
				ALWAYS_SEARCH_USER_PATHS = NO;
				CLANG_CXX_LANGUAGE_STANDARD = "gnu++0x";
				CLANG_CXX_LIBRARY = "libc++";
				CLANG_ENABLE_MODULES = YES;
				CLANG_ENABLE_OBJC_ARC = YES;
				CLANG_WARN_BOOL_CONVERSION = YES;
				CLANG_WARN_CONSTANT_CONVERSION = YES;
				CLANG_WARN_DIRECT_OBJC_ISA_USAGE = YES_ERROR;
				CLANG_WARN_EMPTY_BODY = YES;
				CLANG_WARN_ENUM_CONVERSION = YES;
				CLANG_WARN_INT_CONVERSION = YES;
				CLANG_WARN_OBJC_ROOT_CLASS = YES_ERROR;
				CLANG_WARN_UNREACHABLE_CODE = YES;
				CLANG_WARN__DUPLICATE_METHOD_MATCH = YES;
				"CODE_SIGN_IDENTITY[sdk=iphoneos*]" = "iPhone Developer";
				COPY_PHASE_STRIP = NO;
				DEBUG_INFORMATION_FORMAT = "dwarf-with-dsym";
				ENABLE_NS_ASSERTIONS = NO;
				ENABLE_STRICT_OBJC_MSGSEND = YES;
				GCC_C_LANGUAGE_STANDARD = gnu99;
				GCC_NO_COMMON_BLOCKS = YES;
				GCC_WARN_64_TO_32_BIT_CONVERSION = YES;
				GCC_WARN_ABOUT_RETURN_TYPE = YES_ERROR;
				GCC_WARN_UNDECLARED_SELECTOR = YES;
				GCC_WARN_UNINITIALIZED_AUTOS = YES_AGGRESSIVE;
				GCC_WARN_UNUSED_FUNCTION = YES;
				GCC_WARN_UNUSED_VARIABLE = YES;
				IPHONEOS_DEPLOYMENT_TARGET = 9.1;
				MTL_ENABLE_DEBUG_INFO = NO;
				SDKROOT = iphoneos;
				VALIDATE_PRODUCT = YES;
			};
			name = Release;
		};
		320E1C321C384EEB009A62AB /* Debug */ = {
			isa = XCBuildConfiguration;
			buildSettings = {
				ASSETCATALOG_COMPILER_APPICON_NAME = AppIcon;
				INFOPLIST_FILE = "Cat Years/Info.plist";
				LD_RUNPATH_SEARCH_PATHS = "$(inherited) @executable_path/Frameworks";
				PRODUCT_BUNDLE_IDENTIFIER = "com.test.Cat-Years";
				PRODUCT_NAME = "$(TARGET_NAME)";
			};
			name = Debug;
		};
		320E1C331C384EEB009A62AB /* Release */ = {
			isa = XCBuildConfiguration;
			buildSettings = {
				ASSETCATALOG_COMPILER_APPICON_NAME = AppIcon;
				INFOPLIST_FILE = "Cat Years/Info.plist";
				LD_RUNPATH_SEARCH_PATHS = "$(inherited) @executable_path/Frameworks";
				PRODUCT_BUNDLE_IDENTIFIER = "com.test.Cat-Years";
				PRODUCT_NAME = "$(TARGET_NAME)";
			};
			name = Release;
		};
/* End XCBuildConfiguration section */

/* Begin XCConfigurationList section */
		320E1C1A1C384EEA009A62AB /* Build configuration list for PBXProject "Cat Years" */ = {
			isa = XCConfigurationList;
			buildConfigurations = (
				320E1C2F1C384EEB009A62AB /* Debug */,
				320E1C301C384EEB009A62AB /* Release */,
			);
			defaultConfigurationIsVisible = 0;
			defaultConfigurationName = Release;
		};
		320E1C311C384EEB009A62AB /* Build configuration list for PBXNativeTarget "Cat Years" */ = {
			isa = XCConfigurationList;
			buildConfigurations = (
				320E1C321C384EEB009A62AB /* Debug */,
				320E1C331C384EEB009A62AB /* Release */,
			);
			defaultConfigurationIsVisible = 0;
			defaultConfigurationName = Release;
		};
/* End XCConfigurationList section */
	};
	rootObject = 320E1C171C384EEA009A62AB /* Project object */;
}
